
Microsoft Visual Studio Solution File, Format Version 12.00
# Visual Studio Version 16
VisualStudioVersion = 16.0.32929.386
MinimumVisualStudioVersion = 10.0.40219.1
Project("{FAE04EC0-301F-11D3-BF4B-00C04F79EFBC}") = "HotTab_Device2", "HotTab_Device2\HotTab_Device2.csproj", "{C8E600FC-5839-4FE7-BC4F-438FFC4C0A61}"
EndProject
Project("{FAE04EC0-301F-11D3-BF4B-00C04F79EFBC}") = "CollectDataAP", "CollectDataAP\CollectDataAP.csproj", "{E0900AFE-91D0-48D9-9CF0-A3BBA7B6225D}"
EndProject
Project("{C7167F0D-BC9F-4E6E-AFE1-012C56B48DB5}") = "WapProj_HotTab_Device", "WapProj_HotTab_Device\WapProj_HotTab_Device.wapproj", "{71E21429-A3A1-4784-BA20-2FA27114F758}"
EndProject
Global
	GlobalSection(SolutionConfigurationPlatforms) = preSolution
		Debug|Any CPU = Debug|Any CPU
		Debug|ARM = Debug|ARM
		Debug|ARM64 = Debug|ARM64
		Debug|x64 = Debug|x64
		Debug|x86 = Debug|x86
		Release|Any CPU = Release|Any CPU
		Release|ARM = Release|ARM
		Release|ARM64 = Release|ARM64
		Release|x64 = Release|x64
		Release|x86 = Release|x86
	EndGlobalSection
	GlobalSection(ProjectConfigurationPlatforms) = postSolution
		{C8E600FC-5839-4FE7-BC4F-438FFC4C0A61}.Debug|Any CPU.ActiveCfg = Debug|x86
		{C8E600FC-5839-4FE7-BC4F-438FFC4C0A61}.Debug|ARM.ActiveCfg = Debug|ARM
		{C8E600FC-5839-4FE7-BC4F-438FFC4C0A61}.Debug|ARM.Build.0 = Debug|ARM
		{C8E600FC-5839-4FE7-BC4F-438FFC4C0A61}.Debug|ARM.Deploy.0 = Debug|ARM
		{C8E600FC-5839-4FE7-BC4F-438FFC4C0A61}.Debug|ARM64.ActiveCfg = Debug|ARM64
		{C8E600FC-5839-4FE7-BC4F-438FFC4C0A61}.Debug|ARM64.Build.0 = Debug|ARM64
		{C8E600FC-5839-4FE7-BC4F-438FFC4C0A61}.Debug|ARM64.Deploy.0 = Debug|ARM64
		{C8E600FC-5839-4FE7-BC4F-438FFC4C0A61}.Debug|x64.ActiveCfg = Debug|x64
		{C8E600FC-5839-4FE7-BC4F-438FFC4C0A61}.Debug|x64.Build.0 = Debug|x64
		{C8E600FC-5839-4FE7-BC4F-438FFC4C0A61}.Debug|x64.Deploy.0 = Debug|x64
		{C8E600FC-5839-4FE7-BC4F-438FFC4C0A61}.Debug|x86.ActiveCfg = Debug|x86
		{C8E600FC-5839-4FE7-BC4F-438FFC4C0A61}.Debug|x86.Build.0 = Debug|x86
		{C8E600FC-5839-4FE7-BC4F-438FFC4C0A61}.Debug|x86.Deploy.0 = Debug|x86
		{C8E600FC-5839-4FE7-BC4F-438FFC4C0A61}.Release|Any CPU.ActiveCfg = Release|x86
		{C8E600FC-5839-4FE7-BC4F-438FFC4C0A61}.Release|ARM.ActiveCfg = Release|ARM
		{C8E600FC-5839-4FE7-BC4F-438FFC4C0A61}.Release|ARM.Build.0 = Release|ARM
		{C8E600FC-5839-4FE7-BC4F-438FFC4C0A61}.Release|ARM.Deploy.0 = Release|ARM
		{C8E600FC-5839-4FE7-BC4F-438FFC4C0A61}.Release|ARM64.ActiveCfg = Release|ARM64
		{C8E600FC-5839-4FE7-BC4F-438FFC4C0A61}.Release|ARM64.Build.0 = Release|ARM64
		{C8E600FC-5839-4FE7-BC4F-438FFC4C0A61}.Release|ARM64.Deploy.0 = Release|ARM64
		{C8E600FC-5839-4FE7-BC4F-438FFC4C0A61}.Release|x64.ActiveCfg = Release|x64
		{C8E600FC-5839-4FE7-BC4F-438FFC4C0A61}.Release|x64.Build.0 = Release|x64
		{C8E600FC-5839-4FE7-BC4F-438FFC4C0A61}.Release|x64.Deploy.0 = Release|x64
		{C8E600FC-5839-4FE7-BC4F-438FFC4C0A61}.Release|x86.ActiveCfg = Release|x86
		{C8E600FC-5839-4FE7-BC4F-438FFC4C0A61}.Release|x86.Build.0 = Release|x86
		{C8E600FC-5839-4FE7-BC4F-438FFC4C0A61}.Release|x86.Deploy.0 = Release|x86
		{E0900AFE-91D0-48D9-9CF0-A3BBA7B6225D}.Debug|Any CPU.ActiveCfg = Debug|Any CPU
		{E0900AFE-91D0-48D9-9CF0-A3BBA7B6225D}.Debug|Any CPU.Build.0 = Debug|Any CPU
		{E0900AFE-91D0-48D9-9CF0-A3BBA7B6225D}.Debug|ARM.ActiveCfg = Debug|Any CPU
		{E0900AFE-91D0-48D9-9CF0-A3BBA7B6225D}.Debug|ARM.Build.0 = Debug|Any CPU
		{E0900AFE-91D0-48D9-9CF0-A3BBA7B6225D}.Debug|ARM64.ActiveCfg = Debug|Any CPU
		{E0900AFE-91D0-48D9-9CF0-A3BBA7B6225D}.Debug|ARM64.Build.0 = Debug|Any CPU
		{E0900AFE-91D0-48D9-9CF0-A3BBA7B6225D}.Debug|x64.ActiveCfg = Debug|Any CPU
		{E0900AFE-91D0-48D9-9CF0-A3BBA7B6225D}.Debug|x64.Build.0 = Debug|Any CPU
		{E0900AFE-91D0-48D9-9CF0-A3BBA7B6225D}.Debug|x86.ActiveCfg = Debug|Any CPU
		{E0900AFE-91D0-48D9-9CF0-A3BBA7B6225D}.Debug|x86.Build.0 = Debug|Any CPU
		{E0900AFE-91D0-48D9-9CF0-A3BBA7B6225D}.Release|Any CPU.ActiveCfg = Release|Any CPU
		{E0900AFE-91D0-48D9-9CF0-A3BBA7B6225D}.Release|Any CPU.Build.0 = Release|Any CPU
		{E0900AFE-91D0-48D9-9CF0-A3BBA7B6225D}.Release|ARM.ActiveCfg = Release|Any CPU
		{E0900AFE-91D0-48D9-9CF0-A3BBA7B6225D}.Release|ARM.Build.0 = Release|Any CPU
		{E0900AFE-91D0-48D9-9CF0-A3BBA7B6225D}.Release|ARM64.ActiveCfg = Release|Any CPU
		{E0900AFE-91D0-48D9-9CF0-A3BBA7B6225D}.Release|ARM64.Build.0 = Release|Any CPU
		{E0900AFE-91D0-48D9-9CF0-A3BBA7B6225D}.Release|x64.ActiveCfg = Release|Any CPU
		{E0900AFE-91D0-48D9-9CF0-A3BBA7B6225D}.Release|x64.Build.0 = Release|Any CPU
		{E0900AFE-91D0-48D9-9CF0-A3BBA7B6225D}.Release|x86.ActiveCfg = Release|Any CPU
		{E0900AFE-91D0-48D9-9CF0-A3BBA7B6225D}.Release|x86.Build.0 = Release|Any CPU
		{71E21429-A3A1-4784-BA20-2FA27114F758}.Debug|Any CPU.ActiveCfg = Debug|Any CPU
		{71E21429-A3A1-4784-BA20-2FA27114F758}.Debug|Any CPU.Build.0 = Debug|Any CPU
		{71E21429-A3A1-4784-BA20-2FA27114F758}.Debug|Any CPU.Deploy.0 = Debug|Any CPU
		{71E21429-A3A1-4784-BA20-2FA27114F758}.Debug|ARM.ActiveCfg = Debug|ARM
		{71E21429-A3A1-4784-BA20-2FA27114F758}.Debug|ARM.Build.0 = Debug|ARM
		{71E21429-A3A1-4784-BA20-2FA27114F758}.Debug|ARM.Deploy.0 = Debug|ARM
		{71E21429-A3A1-4784-BA20-2FA27114F758}.Debug|ARM64.ActiveCfg = Debug|ARM64
		{71E21429-A3A1-4784-BA20-2FA27114F758}.Debug|ARM64.Build.0 = Debug|ARM64
		{71E21429-A3A1-4784-BA20-2FA27114F758}.Debug|ARM64.Deploy.0 = Debug|ARM64
		{71E21429-A3A1-4784-BA20-2FA27114F758}.Debug|x64.ActiveCfg = Debug|x64
		{71E21429-A3A1-4784-BA20-2FA27114F758}.Debug|x64.Build.0 = Debug|x64
		{71E21429-A3A1-4784-BA20-2FA27114F758}.Debug|x64.Deploy.0 = Debug|x64
		{71E21429-A3A1-4784-BA20-2FA27114F758}.Debug|x86.ActiveCfg = Debug|x86
		{71E21429-A3A1-4784-BA20-2FA27114F758}.Debug|x86.Build.0 = Debug|x86
		{71E21429-A3A1-4784-BA20-2FA27114F758}.Debug|x86.Deploy.0 = Debug|x86
		{71E21429-A3A1-4784-BA20-2FA27114F758}.Release|Any CPU.ActiveCfg = Release|Any CPU
		{71E21429-A3A1-4784-BA20-2FA27114F758}.Release|Any CPU.Build.0 = Release|Any CPU
		{71E21429-A3A1-4784-BA20-2FA27114F758}.Release|Any CPU.Deploy.0 = Release|Any CPU
		{71E21429-A3A1-4784-BA20-2FA27114F758}.Release|ARM.ActiveCfg = Release|ARM
		{71E21429-A3A1-4784-BA20-2FA27114F758}.Release|ARM.Build.0 = Release|ARM
		{71E21429-A3A1-4784-BA20-2FA27114F758}.Release|ARM.Deploy.0 = Release|ARM
		{71E21429-A3A1-4784-BA20-2FA27114F758}.Release|ARM64.ActiveCfg = Release|ARM64
		{71E21429-A3A1-4784-BA20-2FA27114F758}.Release|ARM64.Build.0 = Release|ARM64
		{71E21429-A3A1-4784-BA20-2FA27114F758}.Release|ARM64.Deploy.0 = Release|ARM64
		{71E21429-A3A1-4784-BA20-2FA27114F758}.Release|x64.ActiveCfg = Release|x64
		{71E21429-A3A1-4784-BA20-2FA27114F758}.Release|x64.Build.0 = Release|x64
		{71E21429-A3A1-4784-BA20-2FA27114F758}.Release|x64.Deploy.0 = Release|x64
		{71E21429-A3A1-4784-BA20-2FA27114F758}.Release|x86.ActiveCfg = Release|x86
		{71E21429-A3A1-4784-BA20-2FA27114F758}.Release|x86.Build.0 = Release|x86
		{71E21429-A3A1-4784-BA20-2FA27114F758}.Release|x86.Deploy.0 = Release|x86
	EndGlobalSection
	GlobalSection(SolutionProperties) = preSolution
		HideSolutionNode = FALSE
	EndGlobalSection
	GlobalSection(ExtensibilityGlobals) = postSolution
		SolutionGuid = {5E55A1BB-25BB-43AA-8E63-0114DB55B8BD}
	EndGlobalSection
EndGlobal
